
Microsoft Visual Studio Solution File, Format Version 10.00
# Visual Studio 2008
Project("{002A2DE9-8BB6-484D-9802-7E4AD4084715}") = "chipmunkd", "chipmunkd.visualdproj", "{8F79CD71-E251-4125-AAAA-29C4C07F46AC}"
EndProject
Global
	GlobalSection(SolutionConfigurationPlatforms) = preSolution
		Debug|Win32 = Debug|Win32
		Release|Win32 = Release|Win32
	EndGlobalSection
	GlobalSection(ProjectConfigurationPlatforms) = postSolution
		{8F79CD71-E251-4125-AAAA-29C4C07F46AC}.Debug|Win32.ActiveCfg = Debug|Win32
		{8F79CD71-E251-4125-AAAA-29C4C07F46AC}.Debug|Win32.Build.0 = Debug|Win32
		{8F79CD71-E251-4125-AAAA-29C4C07F46AC}.Release|Win32.ActiveCfg = Release|Win32
		{8F79CD71-E251-4125-AAAA-29C4C07F46AC}.Release|Win32.Build.0 = Release|Win32
	EndGlobalSection
	GlobalSection(SolutionProperties) = preSolution
		HideSolutionNode = FALSE
	EndGlobalSection
EndGlobal
